id: ofdmradar_array_corr
label: Linear Array DOA Correlator
category: '[ofdmradar]'

parameters:
- id: array_size
  label: Array Size
  dtype: int
  default: 4
- id: samples
  label: Samples
  dtype: int
  default: 1024

inputs:
- label: In
  domain: stream
  dtype: complex
  vlen: ${( array_size )}
  optional: false
- id: calib
  domain: message
  optional: false

outputs:
- label: Out
  domain: stream
  dtype: complex
  vlen: ${( array_size ** 2 )}
  optional: false

templates:
  imports: import ofdmradar
  make: ofdmradar.array_corr(${array_size}, ${samples})

#  'file_format' specifies the version of the GRC yml format used in the file
#  and should usually not be changed.
file_format: 1
