id: ofdmradar_array_calib
label: Linear Array DOA Calib
category: '[ofdmradar]'


parameters:
- id: array_size
  label: Array Size
  dtype: int
  default: 4
- id: targets
  label: Target Signal Count
  dtype: int
  default: 1
- id: pilot_angle
  label: Pilot Angle
  dtype: float
  default: 0

inputs:
- label: In
  domain: stream
  dtype: complex
  vlen: ${( array_size**2 )}
  optional: false
- id: trigger
  domain: message
  optional: false

outputs:
- id: calib
  domain: message
  optional: false

templates:
  imports: import ofdmradar
  make: ofdmradar.array_calib(${array_size}, ${targets}, ${pilot_angle})

#  'file_format' specifies the version of the GRC yml format used in the file
#  and should usually not be changed.
file_format: 1
