id: ofdmradar_array_music
label: Linear Array DOA (MUSIC)
category: '[ofdmradar]'

parameters:
- id: array_size
  label: Array Size
  dtype: int
  default: 4
- id: output_resolution
  label: Output Resolution
  dtype: int
  default: 1024
- id: targets
  label: Target Signal Count
  dtype: int
  default: 1

inputs:
- label: In
  domain: stream
  dtype: complex
  vlen: ${( array_size**2 )}
  optional: false

outputs:
- label: PS
  domain: stream
  dtype: float
  vlen: ${( output_resolution )}
  optional: false

templates:
  imports: import ofdmradar
  make: ofdmradar.array_music(${array_size}, ${output_resolution}, ${targets})

#  'file_format' specifies the version of the GRC yml format used in the file
#  and should usually not be changed.
file_format: 1
